Microsoft Visual Studio Solution File, Format Version 11.00
# Visual Studio 2008

Project("{C6414A4E-3DDD-1992-21BF-57E5DF3F71CE}") = "Seminar10_Part2", "Assembly-CSharp-firstpass.csproj", "{52369C4B-01A5-F38C-90D9-9435E7632091}"
EndProject
Project("{C6414A4E-3DDD-1992-21BF-57E5DF3F71CE}") = "Seminar10_Part2", "Assembly-CSharp.csproj", "{A178F1CE-CFC7-45BC-8EED-76E0FF6359CE}"
EndProject
Project("{C6414A4E-3DDD-1992-21BF-57E5DF3F71CE}") = "Seminar10_Part2", "Assembly-UnityScript-firstpass.unityproj", "{88F614FE-E532-AB7F-0780-B76DD512ADED}"
EndProject
Global
	GlobalSection(SolutionConfigurationPlatforms) = preSolution
		Debug|Any CPU = Debug|Any CPU
		Release|Any CPU = Release|Any CPU
	EndGlobalSection
	GlobalSection(ProjectConfigurationPlatforms) = postSolution
		{52369C4B-01A5-F38C-90D9-9435E7632091}.Debug|Any CPU.ActiveCfg = Debug|Any CPU
		{52369C4B-01A5-F38C-90D9-9435E7632091}.Debug|Any CPU.Build.0 = Debug|Any CPU
		{52369C4B-01A5-F38C-90D9-9435E7632091}.Release|Any CPU.ActiveCfg = Release|Any CPU
		{52369C4B-01A5-F38C-90D9-9435E7632091}.Release|Any CPU.Build.0 = Release|Any CPU
		{A178F1CE-CFC7-45BC-8EED-76E0FF6359CE}.Debug|Any CPU.ActiveCfg = Debug|Any CPU
		{A178F1CE-CFC7-45BC-8EED-76E0FF6359CE}.Debug|Any CPU.Build.0 = Debug|Any CPU
		{A178F1CE-CFC7-45BC-8EED-76E0FF6359CE}.Release|Any CPU.ActiveCfg = Release|Any CPU
		{A178F1CE-CFC7-45BC-8EED-76E0FF6359CE}.Release|Any CPU.Build.0 = Release|Any CPU
		{88F614FE-E532-AB7F-0780-B76DD512ADED}.Debug|Any CPU.ActiveCfg = Debug|Any CPU
		{88F614FE-E532-AB7F-0780-B76DD512ADED}.Debug|Any CPU.Build.0 = Debug|Any CPU
		{88F614FE-E532-AB7F-0780-B76DD512ADED}.Release|Any CPU.ActiveCfg = Release|Any CPU
		{88F614FE-E532-AB7F-0780-B76DD512ADED}.Release|Any CPU.Build.0 = Release|Any CPU
	EndGlobalSection
	GlobalSection(SolutionProperties) = preSolution
		HideSolutionNode = FALSE
	EndGlobalSection
	GlobalSection(MonoDevelopProperties) = preSolution
		StartupItem = Assembly-CSharp.csproj
		Policies = $0
		$0.TextStylePolicy = $1
		$1.inheritsSet = null
		$1.scope = text/x-csharp
		$0.CSharpFormattingPolicy = $2
		$2.inheritsSet = Mono
		$2.inheritsScope = text/x-csharp
		$2.scope = text/x-csharp
		$0.TextStylePolicy = $3
		$3.FileWidth = 120
		$3.TabWidth = 4
		$3.IndentWidth = 4
		$3.EolMarker = Unix
		$3.inheritsSet = Mono
		$3.inheritsScope = text/plain
		$3.scope = text/plain
	EndGlobalSection
EndGlobal
